
Microsoft Visual Studio Solution File, Format Version 12.00
Project("{FAE04EC0-301F-11D3-BF4B-00C04F79EFBC}") = "FactoryPattern", "FactoryPattern\FactoryPattern.csproj", "{125F42B0-EA2C-4342-A9DC-BF6C1CB34BA7}"
EndProject
Global
	GlobalSection(SolutionConfigurationPlatforms) = preSolution
		Debug|Any CPU = Debug|Any CPU
		Release|Any CPU = Release|Any CPU
	EndGlobalSection
	GlobalSection(ProjectConfigurationPlatforms) = postSolution
		{125F42B0-EA2C-4342-A9DC-BF6C1CB34BA7}.Debug|Any CPU.ActiveCfg = Debug|Any CPU
		{125F42B0-EA2C-4342-A9DC-BF6C1CB34BA7}.Debug|Any CPU.Build.0 = Debug|Any CPU
		{125F42B0-EA2C-4342-A9DC-BF6C1CB34BA7}.Release|Any CPU.ActiveCfg = Release|Any CPU
		{125F42B0-EA2C-4342-A9DC-BF6C1CB34BA7}.Release|Any CPU.Build.0 = Release|Any CPU
	EndGlobalSection
EndGlobal
